// !$*UTF8*$!
{
	archiveVersion = 1;
	classes = {
	};
	objectVersion = 56;
	objects = {

/* Begin PBXBuildFile section */
		3FF1E92D2D7ED7750024E35D /* AppDelegate.swift in Sources */ = {isa = PBXBuildFile; fileRef = 3FF1E92C2D7ED7750024E35D /* AppDelegate.swift */; };
		3FF1E92F2D7ED7750024E35D /* SceneDelegate.swift in Sources */ = {isa = PBXBuildFile; fileRef = 3FF1E92E2D7ED7750024E35D /* SceneDelegate.swift */; };
		3FF1E9312D7ED7750024E35D /* ViewController.swift in Sources */ = {isa = PBXBuildFile; fileRef = 3FF1E9302D7ED7750024E35D /* ViewController.swift */; };
		3FF1E9342D7ED7750024E35D /* Base in Resources */ = {isa = PBXBuildFile; fileRef = 3FF1E9332D7ED7750024E35D /* Base */; };
		3FF1E9362D7ED7750024E35D /* Assets.xcassets in Resources */ = {isa = PBXBuildFile; fileRef = 3FF1E9352D7ED7750024E35D /* Assets.xcassets */; };
		3FF1E9392D7ED7750024E35D /* Base in Resources */ = {isa = PBXBuildFile; fileRef = 3FF1E9382D7ED7750024E35D /* Base */; };
		3FF1E9442D7ED7750024E35D /* NewLoginPageTests.swift in Sources */ = {isa = PBXBuildFile; fileRef = 3FF1E9432D7ED7750024E35D /* NewLoginPageTests.swift */; };
		3FF1E94E2D7ED7750024E35D /* NewLoginPageUITests.swift in Sources */ = {isa = PBXBuildFile; fileRef = 3FF1E94D2D7ED7750024E35D /* NewLoginPageUITests.swift */; };
		3FF1E9502D7ED7750024E35D /* NewLoginPageUITestsLaunchTests.swift in Sources */ = {isa = PBXBuildFile; fileRef = 3FF1E94F2D7ED7750024E35D /* NewLoginPageUITestsLaunchTests.swift */; };
/* End PBXBuildFile section */

/* Begin PBXContainerItemProxy section */
		3FF1E9402D7ED7750024E35D /* PBXContainerItemProxy */ = {
			isa = PBXContainerItemProxy;
			containerPortal = 3FF1E9212D7ED7750024E35D /* Project object */;
			proxyType = 1;
			remoteGlobalIDString = 3FF1E9282D7ED7750024E35D;
			remoteInfo = NewLoginPage;
		};
		3FF1E94A2D7ED7750024E35D /* PBXContainerItemProxy */ = {
			isa = PBXContainerItemProxy;
			containerPortal = 3FF1E9212D7ED7750024E35D /* Project object */;
			proxyType = 1;
			remoteGlobalIDString = 3FF1E9282D7ED7750024E35D;
			remoteInfo = NewLoginPage;
		};
/* End PBXContainerItemProxy section */

/* Begin PBXFileReference section */
		3FF1E9292D7ED7750024E35D /* NewLoginPage.app */ = {isa = PBXFileReference; explicitFileType = wrapper.application; includeInIndex = 0; path = NewLoginPage.app; sourceTree = BUILT_PRODUCTS_DIR; };
		3FF1E92C2D7ED7750024E35D /* AppDelegate.swift */ = {isa = PBXFileReference; lastKnownFileType = sourcecode.swift; path = AppDelegate.swift; sourceTree = "<group>"; };
		3FF1E92E2D7ED7750024E35D /* SceneDelegate.swift */ = {isa = PBXFileReference; lastKnownFileType = sourcecode.swift; path = SceneDelegate.swift; sourceTree = "<group>"; };
		3FF1E9302D7ED7750024E35D /* ViewController.swift */ = {isa = PBXFileReference; lastKnownFileType = sourcecode.swift; path = ViewController.swift; sourceTree = "<group>"; };
		3FF1E9332D7ED7750024E35D /* Base */ = {isa = PBXFileReference; lastKnownFileType = file.storyboard; name = Base; path = Base.lproj/Main.storyboard; sourceTree = "<group>"; };
		3FF1E9352D7ED7750024E35D /* Assets.xcassets */ = {isa = PBXFileReference; lastKnownFileType = folder.assetcatalog; path = Assets.xcassets; sourceTree = "<group>"; };
		3FF1E9382D7ED7750024E35D /* Base */ = {isa = PBXFileReference; lastKnownFileType = file.storyboard; name = Base; path = Base.lproj/LaunchScreen.storyboard; sourceTree = "<group>"; };
		3FF1E93A2D7ED7750024E35D /* Info.plist */ = {isa = PBXFileReference; lastKnownFileType = text.plist.xml; path = Info.plist; sourceTree = "<group>"; };
		3FF1E93F2D7ED7750024E35D /* NewLoginPageTests.xctest */ = {isa = PBXFileReference; explicitFileType = wrapper.cfbundle; includeInIndex = 0; path = NewLoginPageTests.xctest; sourceTree = BUILT_PRODUCTS_DIR; };
		3FF1E9432D7ED7750024E35D /* NewLoginPageTests.swift */ = {isa = PBXFileReference; lastKnownFileType = sourcecode.swift; path = NewLoginPageTests.swift; sourceTree = "<group>"; };
		3FF1E9492D7ED7750024E35D /* NewLoginPageUITests.xctest */ = {isa = PBXFileReference; explicitFileType = wrapper.cfbundle; includeInIndex = 0; path = NewLoginPageUITests.xctest; sourceTree = BUILT_PRODUCTS_DIR; };
		3FF1E94D2D7ED7750024E35D /* NewLoginPageUITests.swift */ = {isa = PBXFileReference; lastKnownFileType = sourcecode.swift; path = NewLoginPageUITests.swift; sourceTree = "<group>"; };
		3FF1E94F2D7ED7750024E35D /* NewLoginPageUITestsLaunchTests.swift */ = {isa = PBXFileReference; lastKnownFileType = sourcecode.swift; path = NewLoginPageUITestsLaunchTests.swift; sourceTree = "<group>"; };
/* End PBXFileReference section */

/* Begin PBXFrameworksBuildPhase section */
		3FF1E9262D7ED7750024E35D /* Frameworks */ = {
			isa = PBXFrameworksBuildPhase;
			buildActionMask = 2147483647;
			files = (
			);
			runOnlyForDeploymentPostprocessing = 0;
		};
		3FF1E93C2D7ED7750024E35D /* Frameworks */ = {
			isa = PBXFrameworksBuildPhase;
			buildActionMask = 2147483647;
			files = (
			);
			runOnlyForDeploymentPostprocessing = 0;
		};
		3FF1E9462D7ED7750024E35D /* Frameworks */ = {
			isa = PBXFrameworksBuildPhase;
			buildActionMask = 2147483647;
			files = (
			);
			runOnlyForDeploymentPostprocessing = 0;
		};
/* End PBXFrameworksBuildPhase section */

/* Begin PBXGroup section */
		3FF1E9202D7ED7750024E35D = {
			isa = PBXGroup;
			children = (
				3FF1E92B2D7ED7750024E35D /* NewLoginPage */,
				3FF1E9422D7ED7750024E35D /* NewLoginPageTests */,
				3FF1E94C2D7ED7750024E35D /* NewLoginPageUITests */,
				3FF1E92A2D7ED7750024E35D /* Products */,
			);
			sourceTree = "<group>";
		};
		3FF1E92A2D7ED7750024E35D /* Products */ = {
			isa = PBXGroup;
			children = (
				3FF1E9292D7ED7750024E35D /* NewLoginPage.app */,
				3FF1E93F2D7ED7750024E35D /* NewLoginPageTests.xctest */,
				3FF1E9492D7ED7750024E35D /* NewLoginPageUITests.xctest */,
			);
			name = Products;
			sourceTree = "<group>";
		};
		3FF1E92B2D7ED7750024E35D /* NewLoginPage */ = {
			isa = PBXGroup;
			children = (
				3FF1E92C2D7ED7750024E35D /* AppDelegate.swift */,
				3FF1E92E2D7ED7750024E35D /* SceneDelegate.swift */,
				3FF1E9302D7ED7750024E35D /* ViewController.swift */,
				3FF1E9322D7ED7750024E35D /* Main.storyboard */,
				3FF1E9352D7ED7750024E35D /* Assets.xcassets */,
				3FF1E9372D7ED7750024E35D /* LaunchScreen.storyboard */,
				3FF1E93A2D7ED7750024E35D /* Info.plist */,
			);
			path = NewLoginPage;
			sourceTree = "<group>";
		};
		3FF1E9422D7ED7750024E35D /* NewLoginPageTests */ = {
			isa = PBXGroup;
			children = (
				3FF1E9432D7ED7750024E35D /* NewLoginPageTests.swift */,
			);
			path = NewLoginPageTests;
			sourceTree = "<group>";
		};
		3FF1E94C2D7ED7750024E35D /* NewLoginPageUITests */ = {
			isa = PBXGroup;
			children = (
				3FF1E94D2D7ED7750024E35D /* NewLoginPageUITests.swift */,
				3FF1E94F2D7ED7750024E35D /* NewLoginPageUITestsLaunchTests.swift */,
			);
			path = NewLoginPageUITests;
			sourceTree = "<group>";
		};
/* End PBXGroup section */

/* Begin PBXNativeTarget section */
		3FF1E9282D7ED7750024E35D /* NewLoginPage */ = {
			isa = PBXNativeTarget;
			buildConfigurationList = 3FF1E9532D7ED7750024E35D /* Build configuration list for PBXNativeTarget "NewLoginPage" */;
			buildPhases = (
				3FF1E9252D7ED7750024E35D /* Sources */,
				3FF1E9262D7ED7750024E35D /* Frameworks */,
				3FF1E9272D7ED7750024E35D /* Resources */,
			);
			buildRules = (
			);
			dependencies = (
			);
			name = NewLoginPage;
			productName = NewLoginPage;
			productReference = 3FF1E9292D7ED7750024E35D /* NewLoginPage.app */;
			productType = "com.apple.product-type.application";
		};
		3FF1E93E2D7ED7750024E35D /* NewLoginPageTests */ = {
			isa = PBXNativeTarget;
			buildConfigurationList = 3FF1E9562D7ED7750024E35D /* Build configuration list for PBXNativeTarget "NewLoginPageTests" */;
			buildPhases = (
				3FF1E93B2D7ED7750024E35D /* Sources */,
				3FF1E93C2D7ED7750024E35D /* Frameworks */,
				3FF1E93D2D7ED7750024E35D /* Resources */,
			);
			buildRules = (
			);
			dependencies = (
				3FF1E9412D7ED7750024E35D /* PBXTargetDependency */,
			);
			name = NewLoginPageTests;
			productName = NewLoginPageTests;
			productReference = 3FF1E93F2D7ED7750024E35D /* NewLoginPageTests.xctest */;
			productType = "com.apple.product-type.bundle.unit-test";
		};
		3FF1E9482D7ED7750024E35D /* NewLoginPageUITests */ = {
			isa = PBXNativeTarget;
			buildConfigurationList = 3FF1E9592D7ED7750024E35D /* Build configuration list for PBXNativeTarget "NewLoginPageUITests" */;
			buildPhases = (
				3FF1E9452D7ED7750024E35D /* Sources */,
				3FF1E9462D7ED7750024E35D /* Frameworks */,
				3FF1E9472D7ED7750024E35D /* Resources */,
			);
			buildRules = (
			);
			dependencies = (
				3FF1E94B2D7ED7750024E35D /* PBXTargetDependency */,
			);
			name = NewLoginPageUITests;
			productName = NewLoginPageUITests;
			productReference = 3FF1E9492D7ED7750024E35D /* NewLoginPageUITests.xctest */;
			productType = "com.apple.product-type.bundle.ui-testing";
		};
/* End PBXNativeTarget section */

/* Begin PBXProject section */
		3FF1E9212D7ED7750024E35D /* Project object */ = {
			isa = PBXProject;
			attributes = {
				BuildIndependentTargetsInParallel = 1;
				LastSwiftUpdateCheck = 1530;
				LastUpgradeCheck = 1530;
				TargetAttributes = {
					3FF1E9282D7ED7750024E35D = {
						CreatedOnToolsVersion = 15.3;
					};
					3FF1E93E2D7ED7750024E35D = {
						CreatedOnToolsVersion = 15.3;
						TestTargetID = 3FF1E9282D7ED7750024E35D;
					};
					3FF1E9482D7ED7750024E35D = {
						CreatedOnToolsVersion = 15.3;
						TestTargetID = 3FF1E9282D7ED7750024E35D;
					};
				};
			};
			buildConfigurationList = 3FF1E9242D7ED7750024E35D /* Build configuration list for PBXProject "NewLoginPage" */;
			compatibilityVersion = "Xcode 14.0";
			developmentRegion = en;
			hasScannedForEncodings = 0;
			knownRegions = (
				en,
				Base,
			);
			mainGroup = 3FF1E9202D7ED7750024E35D;
			productRefGroup = 3FF1E92A2D7ED7750024E35D /* Products */;
			projectDirPath = "";
			projectRoot = "";
			targets = (
				3FF1E9282D7ED7750024E35D /* NewLoginPage */,
				3FF1E93E2D7ED7750024E35D /* NewLoginPageTests */,
				3FF1E9482D7ED7750024E35D /* NewLoginPageUITests */,
			);
		};
/* End PBXProject section */

/* Begin PBXResourcesBuildPhase section */
		3FF1E9272D7ED7750024E35D /* Resources */ = {
			isa = PBXResourcesBuildPhase;
			buildActionMask = 2147483647;
			files = (
				3FF1E9362D7ED7750024E35D /* Assets.xcassets in Resources */,
				3FF1E9392D7ED7750024E35D /* Base in Resources */,
				3FF1E9342D7ED7750024E35D /* Base in Resources */,
			);
			runOnlyForDeploymentPostprocessing = 0;
		};
		3FF1E93D2D7ED7750024E35D /* Resources */ = {
			isa = PBXResourcesBuildPhase;
			buildActionMask = 2147483647;
			files = (
			);
			runOnlyForDeploymentPostprocessing = 0;
		};
		3FF1E9472D7ED7750024E35D /* Resources */ = {
			isa = PBXResourcesBuildPhase;
			buildActionMask = 2147483647;
			files = (
			);
			runOnlyForDeploymentPostprocessing = 0;
		};
/* End PBXResourcesBuildPhase section */

/* Begin PBXSourcesBuildPhase section */
		3FF1E9252D7ED7750024E35D /* Sources */ = {
			isa = PBXSourcesBuildPhase;
			buildActionMask = 2147483647;
			files = (
				3FF1E9312D7ED7750024E35D /* ViewController.swift in Sources */,
				3FF1E92D2D7ED7750024E35D /* AppDelegate.swift in Sources */,
				3FF1E92F2D7ED7750024E35D /* SceneDelegate.swift in Sources */,
			);
			runOnlyForDeploymentPostprocessing = 0;
		};
		3FF1E93B2D7ED7750024E35D /* Sources */ = {
			isa = PBXSourcesBuildPhase;
			buildActionMask = 2147483647;
			files = (
				3FF1E9442D7ED7750024E35D /* NewLoginPageTests.swift in Sources */,
			);
			runOnlyForDeploymentPostprocessing = 0;
		};
		3FF1E9452D7ED7750024E35D /* Sources */ = {
			isa = PBXSourcesBuildPhase;
			buildActionMask = 2147483647;
			files = (
				3FF1E9502D7ED7750024E35D /* NewLoginPageUITestsLaunchTests.swift in Sources */,
				3FF1E94E2D7ED7750024E35D /* NewLoginPageUITests.swift in Sources */,
			);
			runOnlyForDeploymentPostprocessing = 0;
		};
/* End PBXSourcesBuildPhase section */

/* Begin PBXTargetDependency section */
		3FF1E9412D7ED7750024E35D /* PBXTargetDependency */ = {
			isa = PBXTargetDependency;
			target = 3FF1E9282D7ED7750024E35D /* NewLoginPage */;
			targetProxy = 3FF1E9402D7ED7750024E35D /* PBXContainerItemProxy */;
		};
		3FF1E94B2D7ED7750024E35D /* PBXTargetDependency */ = {
			isa = PBXTargetDependency;
			target = 3FF1E9282D7ED7750024E35D /* NewLoginPage */;
			targetProxy = 3FF1E94A2D7ED7750024E35D /* PBXContainerItemProxy */;
		};
/* End PBXTargetDependency section */

/* Begin PBXVariantGroup section */
		3FF1E9322D7ED7750024E35D /* Main.storyboard */ = {
			isa = PBXVariantGroup;
			children = (
				3FF1E9332D7ED7750024E35D /* Base */,
			);
			name = Main.storyboard;
			sourceTree = "<group>";
		};
		3FF1E9372D7ED7750024E35D /* LaunchScreen.storyboard */ = {
			isa = PBXVariantGroup;
			children = (
				3FF1E9382D7ED7750024E35D /* Base */,
			);
			name = LaunchScreen.storyboard;
			sourceTree = "<group>";
		};
/* End PBXVariantGroup section */

/* Begin XCBuildConfiguration section */
		3FF1E9512D7ED7750024E35D /* Debug */ = {
			isa = XCBuildConfiguration;
			buildSettings = {
				ALWAYS_SEARCH_USER_PATHS = NO;
				ASSETCATALOG_COMPILER_GENERATE_SWIFT_ASSET_SYMBOL_EXTENSIONS = YES;
				CLANG_ANALYZER_NONNULL = YES;
				CLANG_ANALYZER_NUMBER_OBJECT_CONVERSION = YES_AGGRESSIVE;
				CLANG_CXX_LANGUAGE_STANDARD = "gnu++20";
				CLANG_ENABLE_MODULES = YES;
				CLANG_ENABLE_OBJC_ARC = YES;
				CLANG_ENABLE_OBJC_WEAK = YES;
				CLANG_WARN_BLOCK_CAPTURE_AUTORELEASING = YES;
				CLANG_WARN_BOOL_CONVERSION = YES;
				CLANG_WARN_COMMA = YES;
				CLANG_WARN_CONSTANT_CONVERSION = YES;
				CLANG_WARN_DEPRECATED_OBJC_IMPLEMENTATIONS = YES;
				CLANG_WARN_DIRECT_OBJC_ISA_USAGE = YES_ERROR;
				CLANG_WARN_DOCUMENTATION_COMMENTS = YES;
				CLANG_WARN_EMPTY_BODY = YES;
				CLANG_WARN_ENUM_CONVERSION = YES;
				CLANG_WARN_INFINITE_RECURSION = YES;
				CLANG_WARN_INT_CONVERSION = YES;
				CLANG_WARN_NON_LITERAL_NULL_CONVERSION = YES;
				CLANG_WARN_OBJC_IMPLICIT_RETAIN_SELF = YES;
				CLANG_WARN_OBJC_LITERAL_CONVERSION = YES;
				CLANG_WARN_OBJC_ROOT_CLASS = YES_ERROR;
				CLANG_WARN_QUOTED_INCLUDE_IN_FRAMEWORK_HEADER = YES;
				CLANG_WARN_RANGE_LOOP_ANALYSIS = YES;
				CLANG_WARN_STRICT_PROTOTYPES = YES;
				CLANG_WARN_SUSPICIOUS_MOVE = YES;
				CLANG_WARN_UNGUARDED_AVAILABILITY = YES_AGGRESSIVE;
				CLANG_WARN_UNREACHABLE_CODE = YES;
				CLANG_WARN__DUPLICATE_METHOD_MATCH = YES;
				COPY_PHASE_STRIP = NO;
				DEBUG_INFORMATION_FORMAT = dwarf;
				ENABLE_STRICT_OBJC_MSGSEND = YES;
				ENABLE_TESTABILITY = YES;
				ENABLE_USER_SCRIPT_SANDBOXING = YES;
				GCC_C_LANGUAGE_STANDARD = gnu17;
				GCC_DYNAMIC_NO_PIC = NO;
				GCC_NO_COMMON_BLOCKS = YES;
				GCC_OPTIMIZATION_LEVEL = 0;
				GCC_PREPROCESSOR_DEFINITIONS = (
					"DEBUG=1",
					"$(inherited)",
				);
				GCC_WARN_64_TO_32_BIT_CONVERSION = YES;
				GCC_WARN_ABOUT_RETURN_TYPE = YES_ERROR;
				GCC_WARN_UNDECLARED_SELECTOR = YES;
				GCC_WARN_UNINITIALIZED_AUTOS = YES_AGGRESSIVE;
				GCC_WARN_UNUSED_FUNCTION = YES;
				GCC_WARN_UNUSED_VARIABLE = YES;
				IPHONEOS_DEPLOYMENT_TARGET = 17.4;
				LOCALIZATION_PREFERS_STRING_CATALOGS = YES;
				MTL_ENABLE_DEBUG_INFO = INCLUDE_SOURCE;
				MTL_FAST_MATH = YES;
				ONLY_ACTIVE_ARCH = YES;
				SDKROOT = iphoneos;
				SWIFT_ACTIVE_COMPILATION_CONDITIONS = "DEBUG $(inherited)";
				SWIFT_OPTIMIZATION_LEVEL = "-Onone";
			};
			name = Debug;
		};
		3FF1E9522D7ED7750024E35D /* Release */ = {
			isa = XCBuildConfiguration;
			buildSettings = {
				ALWAYS_SEARCH_USER_PATHS = NO;
				ASSETCATALOG_COMPILER_GENERATE_SWIFT_ASSET_SYMBOL_EXTENSIONS = YES;
				CLANG_ANALYZER_NONNULL = YES;
				CLANG_ANALYZER_NUMBER_OBJECT_CONVERSION = YES_AGGRESSIVE;
				CLANG_CXX_LANGUAGE_STANDARD = "gnu++20";
				CLANG_ENABLE_MODULES = YES;
				CLANG_ENABLE_OBJC_ARC = YES;
				CLANG_ENABLE_OBJC_WEAK = YES;
				CLANG_WARN_BLOCK_CAPTURE_AUTORELEASING = YES;
				CLANG_WARN_BOOL_CONVERSION = YES;
				CLANG_WARN_COMMA = YES;
				CLANG_WARN_CONSTANT_CONVERSION = YES;
				CLANG_WARN_DEPRECATED_OBJC_IMPLEMENTATIONS = YES;
				CLANG_WARN_DIRECT_OBJC_ISA_USAGE = YES_ERROR;
				CLANG_WARN_DOCUMENTATION_COMMENTS = YES;
				CLANG_WARN_EMPTY_BODY = YES;
				CLANG_WARN_ENUM_CONVERSION = YES;
				CLANG_WARN_INFINITE_RECURSION = YES;
				CLANG_WARN_INT_CONVERSION = YES;
				CLANG_WARN_NON_LITERAL_NULL_CONVERSION = YES;
				CLANG_WARN_OBJC_IMPLICIT_RETAIN_SELF = YES;
				CLANG_WARN_OBJC_LITERAL_CONVERSION = YES;
				CLANG_WARN_OBJC_ROOT_CLASS = YES_ERROR;
				CLANG_WARN_QUOTED_INCLUDE_IN_FRAMEWORK_HEADER = YES;
				CLANG_WARN_RANGE_LOOP_ANALYSIS = YES;
				CLANG_WARN_STRICT_PROTOTYPES = YES;
				CLANG_WARN_SUSPICIOUS_MOVE = YES;
				CLANG_WARN_UNGUARDED_AVAILABILITY = YES_AGGRESSIVE;
				CLANG_WARN_UNREACHABLE_CODE = YES;
				CLANG_WARN__DUPLICATE_METHOD_MATCH = YES;
				COPY_PHASE_STRIP = NO;
				DEBUG_INFORMATION_FORMAT = "dwarf-with-dsym";
				ENABLE_NS_ASSERTIONS = NO;
				ENABLE_STRICT_OBJC_MSGSEND = YES;
				ENABLE_USER_SCRIPT_SANDBOXING = YES;
				GCC_C_LANGUAGE_STANDARD = gnu17;
				GCC_NO_COMMON_BLOCKS = YES;
				GCC_WARN_64_TO_32_BIT_CONVERSION = YES;
				GCC_WARN_ABOUT_RETURN_TYPE = YES_ERROR;
				GCC_WARN_UNDECLARED_SELECTOR = YES;
				GCC_WARN_UNINITIALIZED_AUTOS = YES_AGGRESSIVE;
				GCC_WARN_UNUSED_FUNCTION = YES;
				GCC_WARN_UNUSED_VARIABLE = YES;
				IPHONEOS_DEPLOYMENT_TARGET = 17.4;
				LOCALIZATION_PREFERS_STRING_CATALOGS = YES;
				MTL_ENABLE_DEBUG_INFO = NO;
				MTL_FAST_MATH = YES;
				SDKROOT = iphoneos;
				SWIFT_COMPILATION_MODE = wholemodule;
				VALIDATE_PRODUCT = YES;
			};
			name = Release;
		};
		3FF1E9542D7ED7750024E35D /* Debug */ = {
			isa = XCBuildConfiguration;
			buildSettings = {
				ASSETCATALOG_COMPILER_APPICON_NAME = AppIcon;
				ASSETCATALOG_COMPILER_GLOBAL_ACCENT_COLOR_NAME = AccentColor;
				CODE_SIGN_STYLE = Automatic;
				CURRENT_PROJECT_VERSION = 1;
				GENERATE_INFOPLIST_FILE = YES;
				INFOPLIST_FILE = NewLoginPage/Info.plist;
				INFOPLIST_KEY_UIApplicationSupportsIndirectInputEvents = YES;
				INFOPLIST_KEY_UILaunchStoryboardName = LaunchScreen;
				INFOPLIST_KEY_UIMainStoryboardFile = Main;
				INFOPLIST_KEY_UISupportedInterfaceOrientations_iPad = "UIInterfaceOrientationPortrait UIInterfaceOrientationPortraitUpsideDown UIInterfaceOrientationLandscapeLeft UIInterfaceOrientationLandscapeRight";
				INFOPLIST_KEY_UISupportedInterfaceOrientations_iPhone = "UIInterfaceOrientationPortrait UIInterfaceOrientationLandscapeLeft UIInterfaceOrientationLandscapeRight";
				LD_RUNPATH_SEARCH_PATHS = (
					"$(inherited)",
					"@executable_path/Frameworks",
				);
				MARKETING_VERSION = 1.0;
				PRODUCT_BUNDLE_IDENTIFIER = LPU.NewLoginPage;
				PRODUCT_NAME = "$(TARGET_NAME)";
				SWIFT_EMIT_LOC_STRINGS = YES;
				SWIFT_VERSION = 5.0;
				TARGETED_DEVICE_FAMILY = "1,2";
			};
			name = Debug;
		};
		3FF1E9552D7ED7750024E35D /* Release */ = {
			isa = XCBuildConfiguration;
			buildSettings = {
				ASSETCATALOG_COMPILER_APPICON_NAME = AppIcon;
				ASSETCATALOG_COMPILER_GLOBAL_ACCENT_COLOR_NAME = AccentColor;
				CODE_SIGN_STYLE = Automatic;
				CURRENT_PROJECT_VERSION = 1;
				GENERATE_INFOPLIST_FILE = YES;
				INFOPLIST_FILE = NewLoginPage/Info.plist;
				INFOPLIST_KEY_UIApplicationSupportsIndirectInputEvents = YES;
				INFOPLIST_KEY_UILaunchStoryboardName = LaunchScreen;
				INFOPLIST_KEY_UIMainStoryboardFile = Main;
				INFOPLIST_KEY_UISupportedInterfaceOrientations_iPad = "UIInterfaceOrientationPortrait UIInterfaceOrientationPortraitUpsideDown UIInterfaceOrientationLandscapeLeft UIInterfaceOrientationLandscapeRight";
				INFOPLIST_KEY_UISupportedInterfaceOrientations_iPhone = "UIInterfaceOrientationPortrait UIInterfaceOrientationLandscapeLeft UIInterfaceOrientationLandscapeRight";
				LD_RUNPATH_SEARCH_PATHS = (
					"$(inherited)",
					"@executable_path/Frameworks",
				);
				MARKETING_VERSION = 1.0;
				PRODUCT_BUNDLE_IDENTIFIER = LPU.NewLoginPage;
				PRODUCT_NAME = "$(TARGET_NAME)";
				SWIFT_EMIT_LOC_STRINGS = YES;
				SWIFT_VERSION = 5.0;
				TARGETED_DEVICE_FAMILY = "1,2";
			};
			name = Release;
		};
		3FF1E9572D7ED7750024E35D /* Debug */ = {
			isa = XCBuildConfiguration;
			buildSettings = {
				ALWAYS_EMBED_SWIFT_STANDARD_LIBRARIES = YES;
				BUNDLE_LOADER = "$(TEST_HOST)";
				CODE_SIGN_STYLE = Automatic;
				CURRENT_PROJECT_VERSION = 1;
				GENERATE_INFOPLIST_FILE = YES;
				IPHONEOS_DEPLOYMENT_TARGET = 17.4;
				MARKETING_VERSION = 1.0;
				PRODUCT_BUNDLE_IDENTIFIER = LPU.NewLoginPageTests;
				PRODUCT_NAME = "$(TARGET_NAME)";
				SWIFT_EMIT_LOC_STRINGS = NO;
				SWIFT_VERSION = 5.0;
				TARGETED_DEVICE_FAMILY = "1,2";
				TEST_HOST = "$(BUILT_PRODUCTS_DIR)/NewLoginPage.app/$(BUNDLE_EXECUTABLE_FOLDER_PATH)/NewLoginPage";
			};
			name = Debug;
		};
		3FF1E9582D7ED7750024E35D /* Release */ = {
			isa = XCBuildConfiguration;
			buildSettings = {
				ALWAYS_EMBED_SWIFT_STANDARD_LIBRARIES = YES;
				BUNDLE_LOADER = "$(TEST_HOST)";
				CODE_SIGN_STYLE = Automatic;
				CURRENT_PROJECT_VERSION = 1;
				GENERATE_INFOPLIST_FILE = YES;
				IPHONEOS_DEPLOYMENT_TARGET = 17.4;
				MARKETING_VERSION = 1.0;
				PRODUCT_BUNDLE_IDENTIFIER = LPU.NewLoginPageTests;
				PRODUCT_NAME = "$(TARGET_NAME)";
				SWIFT_EMIT_LOC_STRINGS = NO;
				SWIFT_VERSION = 5.0;
				TARGETED_DEVICE_FAMILY = "1,2";
				TEST_HOST = "$(BUILT_PRODUCTS_DIR)/NewLoginPage.app/$(BUNDLE_EXECUTABLE_FOLDER_PATH)/NewLoginPage";
			};
			name = Release;
		};
		3FF1E95A2D7ED7750024E35D /* Debug */ = {
			isa = XCBuildConfiguration;
			buildSettings = {
				ALWAYS_EMBED_SWIFT_STANDARD_LIBRARIES = YES;
				CODE_SIGN_STYLE = Automatic;
				CURRENT_PROJECT_VERSION = 1;
				GENERATE_INFOPLIST_FILE = YES;
				MARKETING_VERSION = 1.0;
				PRODUCT_BUNDLE_IDENTIFIER = LPU.NewLoginPageUITests;
				PRODUCT_NAME = "$(TARGET_NAME)";
				SWIFT_EMIT_LOC_STRINGS = NO;
				SWIFT_VERSION = 5.0;
				TARGETED_DEVICE_FAMILY = "1,2";
				TEST_TARGET_NAME = NewLoginPage;
			};
			name = Debug;
		};
		3FF1E95B2D7ED7750024E35D /* Release */ = {
			isa = XCBuildConfiguration;
			buildSettings = {
				ALWAYS_EMBED_SWIFT_STANDARD_LIBRARIES = YES;
				CODE_SIGN_STYLE = Automatic;
				CURRENT_PROJECT_VERSION = 1;
				GENERATE_INFOPLIST_FILE = YES;
				MARKETING_VERSION = 1.0;
				PRODUCT_BUNDLE_IDENTIFIER = LPU.NewLoginPageUITests;
				PRODUCT_NAME = "$(TARGET_NAME)";
				SWIFT_EMIT_LOC_STRINGS = NO;
				SWIFT_VERSION = 5.0;
				TARGETED_DEVICE_FAMILY = "1,2";
				TEST_TARGET_NAME = NewLoginPage;
			};
			name = Release;
		};
/* End XCBuildConfiguration section */

/* Begin XCConfigurationList section */
		3FF1E9242D7ED7750024E35D /* Build configuration list for PBXProject "NewLoginPage" */ = {
			isa = XCConfigurationList;
			buildConfigurations = (
				3FF1E9512D7ED7750024E35D /* Debug */,
				3FF1E9522D7ED7750024E35D /* Release */,
			);
			defaultConfigurationIsVisible = 0;
			defaultConfigurationName = Release;
		};
		3FF1E9532D7ED7750024E35D /* Build configuration list for PBXNativeTarget "NewLoginPage" */ = {
			isa = XCConfigurationList;
			buildConfigurations = (
				3FF1E9542D7ED7750024E35D /* Debug */,
				3FF1E9552D7ED7750024E35D /* Release */,
			);
			defaultConfigurationIsVisible = 0;
			defaultConfigurationName = Release;
		};
		3FF1E9562D7ED7750024E35D /* Build configuration list for PBXNativeTarget "NewLoginPageTests" */ = {
			isa = XCConfigurationList;
			buildConfigurations = (
				3FF1E9572D7ED7750024E35D /* Debug */,
				3FF1E9582D7ED7750024E35D /* Release */,
			);
			defaultConfigurationIsVisible = 0;
			defaultConfigurationName = Release;
		};
		3FF1E9592D7ED7750024E35D /* Build configuration list for PBXNativeTarget "NewLoginPageUITests" */ = {
			isa = XCConfigurationList;
			buildConfigurations = (
				3FF1E95A2D7ED7750024E35D /* Debug */,
				3FF1E95B2D7ED7750024E35D /* Release */,
			);
			defaultConfigurationIsVisible = 0;
			defaultConfigurationName = Release;
		};
/* End XCConfigurationList section */
	};
	rootObject = 3FF1E9212D7ED7750024E35D /* Project object */;
}
